
Microsoft Visual Studio Solution File, Format Version 12.00
# Visual Studio Version 17
VisualStudioVersion = 17.9.34902.65
MinimumVisualStudioVersion = 10.0.40219.1
Project("{FAE04EC0-301F-11D3-BF4B-00C04F79EFBC}") = "LCAnomalyCore", "LCAnomalyCore.csproj", "{9C347FFE-92DD-4DBB-B5A7-76EA5C01BD85}"
EndProject
Global
	GlobalSection(SolutionConfigurationPlatforms) = preSolution
		Debug|Any CPU = Debug|Any CPU
		Release|Any CPU = Release|Any CPU
	EndGlobalSection
	GlobalSection(ProjectConfigurationPlatforms) = postSolution
		{9C347FFE-92DD-4DBB-B5A7-76EA5C01BD85}.Debug|Any CPU.ActiveCfg = Debug|Any CPU
		{9C347FFE-92DD-4DBB-B5A7-76EA5C01BD85}.Debug|Any CPU.Build.0 = Debug|Any CPU
		{9C347FFE-92DD-4DBB-B5A7-76EA5C01BD85}.Release|Any CPU.ActiveCfg = Release|Any CPU
		{9C347FFE-92DD-4DBB-B5A7-76EA5C01BD85}.Release|Any CPU.Build.0 = Release|Any CPU
	EndGlobalSection
	GlobalSection(SolutionProperties) = preSolution
		HideSolutionNode = FALSE
	EndGlobalSection
	GlobalSection(ExtensibilityGlobals) = postSolution
		SolutionGuid = {39A3D859-A3CE-4715-99F0-798351184FBD}
	EndGlobalSection
EndGlobal
